// !$*UTF8*$!
{
	archiveVersion = 1;
	classes = {
	};
	objectVersion = 46;
	objects = {

/* Begin PBXBuildFile section */
		804A2FDE1B190682006A68B4 /* AppDelegate.swift in Sources */ = {isa = PBXBuildFile; fileRef = 804A2FDD1B190682006A68B4 /* AppDelegate.swift */; };
		804A2FE01B190682006A68B4 /* MasterViewController.swift in Sources */ = {isa = PBXBuildFile; fileRef = 804A2FDF1B190682006A68B4 /* MasterViewController.swift */; };
		804A2FE21B190682006A68B4 /* DetailViewController.swift in Sources */ = {isa = PBXBuildFile; fileRef = 804A2FE11B190682006A68B4 /* DetailViewController.swift */; };
		804A2FE51B190682006A68B4 /* Main.storyboard in Resources */ = {isa = PBXBuildFile; fileRef = 804A2FE31B190682006A68B4 /* Main.storyboard */; };
		804A2FE71B190682006A68B4 /* Images.xcassets in Resources */ = {isa = PBXBuildFile; fileRef = 804A2FE61B190682006A68B4 /* Images.xcassets */; };
		804A2FEA1B190682006A68B4 /* LaunchScreen.xib in Resources */ = {isa = PBXBuildFile; fileRef = 804A2FE81B190682006A68B4 /* LaunchScreen.xib */; };
		804A2FF61B190682006A68B4 /* hws1_ImageViewerTests.swift in Sources */ = {isa = PBXBuildFile; fileRef = 804A2FF51B190682006A68B4 /* hws1_ImageViewerTests.swift */; };
/* End PBXBuildFile section */

/* Begin PBXContainerItemProxy section */
		804A2FF01B190682006A68B4 /* PBXContainerItemProxy */ = {
			isa = PBXContainerItemProxy;
			containerPortal = 804A2FD01B190682006A68B4 /* Project object */;
			proxyType = 1;
			remoteGlobalIDString = 804A2FD71B190682006A68B4;
			remoteInfo = hws1_ImageViewer;
		};
/* End PBXContainerItemProxy section */

/* Begin PBXFileReference section */
		804A2FD81B190682006A68B4 /* hws1_ImageViewer.app */ = {isa = PBXFileReference; explicitFileType = wrapper.application; includeInIndex = 0; path = hws1_ImageViewer.app; sourceTree = BUILT_PRODUCTS_DIR; };
		804A2FDC1B190682006A68B4 /* Info.plist */ = {isa = PBXFileReference; lastKnownFileType = text.plist.xml; path = Info.plist; sourceTree = "<group>"; };
		804A2FDD1B190682006A68B4 /* AppDelegate.swift */ = {isa = PBXFileReference; lastKnownFileType = sourcecode.swift; path = AppDelegate.swift; sourceTree = "<group>"; };
		804A2FDF1B190682006A68B4 /* MasterViewController.swift */ = {isa = PBXFileReference; lastKnownFileType = sourcecode.swift; path = MasterViewController.swift; sourceTree = "<group>"; };
		804A2FE11B190682006A68B4 /* DetailViewController.swift */ = {isa = PBXFileReference; lastKnownFileType = sourcecode.swift; path = DetailViewController.swift; sourceTree = "<group>"; };
		804A2FE41B190682006A68B4 /* Base */ = {isa = PBXFileReference; lastKnownFileType = file.storyboard; name = Base; path = Base.lproj/Main.storyboard; sourceTree = "<group>"; };
		804A2FE61B190682006A68B4 /* Images.xcassets */ = {isa = PBXFileReference; lastKnownFileType = folder.assetcatalog; path = Images.xcassets; sourceTree = "<group>"; };
		804A2FE91B190682006A68B4 /* Base */ = {isa = PBXFileReference; lastKnownFileType = file.xib; name = Base; path = Base.lproj/LaunchScreen.xib; sourceTree = "<group>"; };
		804A2FEF1B190682006A68B4 /* hws1_ImageViewerTests.xctest */ = {isa = PBXFileReference; explicitFileType = wrapper.cfbundle; includeInIndex = 0; path = hws1_ImageViewerTests.xctest; sourceTree = BUILT_PRODUCTS_DIR; };
		804A2FF41B190682006A68B4 /* Info.plist */ = {isa = PBXFileReference; lastKnownFileType = text.plist.xml; path = Info.plist; sourceTree = "<group>"; };
		804A2FF51B190682006A68B4 /* hws1_ImageViewerTests.swift */ = {isa = PBXFileReference; lastKnownFileType = sourcecode.swift; path = hws1_ImageViewerTests.swift; sourceTree = "<group>"; };
/* End PBXFileReference section */

/* Begin PBXFrameworksBuildPhase section */
		804A2FD51B190682006A68B4 /* Frameworks */ = {
			isa = PBXFrameworksBuildPhase;
			buildActionMask = 2147483647;
			files = (
			);
			runOnlyForDeploymentPostprocessing = 0;
		};
		804A2FEC1B190682006A68B4 /* Frameworks */ = {
			isa = PBXFrameworksBuildPhase;
			buildActionMask = 2147483647;
			files = (
			);
			runOnlyForDeploymentPostprocessing = 0;
		};
/* End PBXFrameworksBuildPhase section */

/* Begin PBXGroup section */
		804A2FCF1B190682006A68B4 = {
			isa = PBXGroup;
			children = (
				804A2FDA1B190682006A68B4 /* hws1_ImageViewer */,
				804A2FF21B190682006A68B4 /* hws1_ImageViewerTests */,
				804A2FD91B190682006A68B4 /* Products */,
			);
			sourceTree = "<group>";
		};
		804A2FD91B190682006A68B4 /* Products */ = {
			isa = PBXGroup;
			children = (
				804A2FD81B190682006A68B4 /* hws1_ImageViewer.app */,
				804A2FEF1B190682006A68B4 /* hws1_ImageViewerTests.xctest */,
			);
			name = Products;
			sourceTree = "<group>";
		};
		804A2FDA1B190682006A68B4 /* hws1_ImageViewer */ = {
			isa = PBXGroup;
			children = (
				804A2FDD1B190682006A68B4 /* AppDelegate.swift */,
				804A2FDF1B190682006A68B4 /* MasterViewController.swift */,
				804A2FE11B190682006A68B4 /* DetailViewController.swift */,
				804A2FE31B190682006A68B4 /* Main.storyboard */,
				804A2FE61B190682006A68B4 /* Images.xcassets */,
				804A2FE81B190682006A68B4 /* LaunchScreen.xib */,
				804A2FDB1B190682006A68B4 /* Supporting Files */,
			);
			path = hws1_ImageViewer;
			sourceTree = "<group>";
		};
		804A2FDB1B190682006A68B4 /* Supporting Files */ = {
			isa = PBXGroup;
			children = (
				804A2FDC1B190682006A68B4 /* Info.plist */,
			);
			name = "Supporting Files";
			sourceTree = "<group>";
		};
		804A2FF21B190682006A68B4 /* hws1_ImageViewerTests */ = {
			isa = PBXGroup;
			children = (
				804A2FF51B190682006A68B4 /* hws1_ImageViewerTests.swift */,
				804A2FF31B190682006A68B4 /* Supporting Files */,
			);
			path = hws1_ImageViewerTests;
			sourceTree = "<group>";
		};
		804A2FF31B190682006A68B4 /* Supporting Files */ = {
			isa = PBXGroup;
			children = (
				804A2FF41B190682006A68B4 /* Info.plist */,
			);
			name = "Supporting Files";
			sourceTree = "<group>";
		};
/* End PBXGroup section */

/* Begin PBXNativeTarget section */
		804A2FD71B190682006A68B4 /* hws1_ImageViewer */ = {
			isa = PBXNativeTarget;
			buildConfigurationList = 804A2FF91B190682006A68B4 /* Build configuration list for PBXNativeTarget "hws1_ImageViewer" */;
			buildPhases = (
				804A2FD41B190682006A68B4 /* Sources */,
				804A2FD51B190682006A68B4 /* Frameworks */,
				804A2FD61B190682006A68B4 /* Resources */,
			);
			buildRules = (
			);
			dependencies = (
			);
			name = hws1_ImageViewer;
			productName = hws1_ImageViewer;
			productReference = 804A2FD81B190682006A68B4 /* hws1_ImageViewer.app */;
			productType = "com.apple.product-type.application";
		};
		804A2FEE1B190682006A68B4 /* hws1_ImageViewerTests */ = {
			isa = PBXNativeTarget;
			buildConfigurationList = 804A2FFC1B190682006A68B4 /* Build configuration list for PBXNativeTarget "hws1_ImageViewerTests" */;
			buildPhases = (
				804A2FEB1B190682006A68B4 /* Sources */,
				804A2FEC1B190682006A68B4 /* Frameworks */,
				804A2FED1B190682006A68B4 /* Resources */,
			);
			buildRules = (
			);
			dependencies = (
				804A2FF11B190682006A68B4 /* PBXTargetDependency */,
			);
			name = hws1_ImageViewerTests;
			productName = hws1_ImageViewerTests;
			productReference = 804A2FEF1B190682006A68B4 /* hws1_ImageViewerTests.xctest */;
			productType = "com.apple.product-type.bundle.unit-test";
		};
/* End PBXNativeTarget section */

/* Begin PBXProject section */
		804A2FD01B190682006A68B4 /* Project object */ = {
			isa = PBXProject;
			attributes = {
				LastUpgradeCheck = 0630;
				ORGANIZATIONNAME = "Randy Urtubia";
				TargetAttributes = {
					804A2FD71B190682006A68B4 = {
						CreatedOnToolsVersion = 6.3.2;
					};
					804A2FEE1B190682006A68B4 = {
						CreatedOnToolsVersion = 6.3.2;
						TestTargetID = 804A2FD71B190682006A68B4;
					};
				};
			};
			buildConfigurationList = 804A2FD31B190682006A68B4 /* Build configuration list for PBXProject "hws1_ImageViewer" */;
			compatibilityVersion = "Xcode 3.2";
			developmentRegion = English;
			hasScannedForEncodings = 0;
			knownRegions = (
				en,
				Base,
			);
			mainGroup = 804A2FCF1B190682006A68B4;
			productRefGroup = 804A2FD91B190682006A68B4 /* Products */;
			projectDirPath = "";
			projectRoot = "";
			targets = (
				804A2FD71B190682006A68B4 /* hws1_ImageViewer */,
				804A2FEE1B190682006A68B4 /* hws1_ImageViewerTests */,
			);
		};
/* End PBXProject section */

/* Begin PBXResourcesBuildPhase section */
		804A2FD61B190682006A68B4 /* Resources */ = {
			isa = PBXResourcesBuildPhase;
			buildActionMask = 2147483647;
			files = (
				804A2FE51B190682006A68B4 /* Main.storyboard in Resources */,
				804A2FEA1B190682006A68B4 /* LaunchScreen.xib in Resources */,
				804A2FE71B190682006A68B4 /* Images.xcassets in Resources */,
			);
			runOnlyForDeploymentPostprocessing = 0;
		};
		804A2FED1B190682006A68B4 /* Resources */ = {
			isa = PBXResourcesBuildPhase;
			buildActionMask = 2147483647;
			files = (
			);
			runOnlyForDeploymentPostprocessing = 0;
		};
/* End PBXResourcesBuildPhase section */

/* Begin PBXSourcesBuildPhase section */
		804A2FD41B190682006A68B4 /* Sources */ = {
			isa = PBXSourcesBuildPhase;
			buildActionMask = 2147483647;
			files = (
				804A2FE21B190682006A68B4 /* DetailViewController.swift in Sources */,
				804A2FE01B190682006A68B4 /* MasterViewController.swift in Sources */,
				804A2FDE1B190682006A68B4 /* AppDelegate.swift in Sources */,
			);
			runOnlyForDeploymentPostprocessing = 0;
		};
		804A2FEB1B190682006A68B4 /* Sources */ = {
			isa = PBXSourcesBuildPhase;
			buildActionMask = 2147483647;
			files = (
				804A2FF61B190682006A68B4 /* hws1_ImageViewerTests.swift in Sources */,
			);
			runOnlyForDeploymentPostprocessing = 0;
		};
/* End PBXSourcesBuildPhase section */

/* Begin PBXTargetDependency section */
		804A2FF11B190682006A68B4 /* PBXTargetDependency */ = {
			isa = PBXTargetDependency;
			target = 804A2FD71B190682006A68B4 /* hws1_ImageViewer */;
			targetProxy = 804A2FF01B190682006A68B4 /* PBXContainerItemProxy */;
		};
/* End PBXTargetDependency section */

/* Begin PBXVariantGroup section */
		804A2FE31B190682006A68B4 /* Main.storyboard */ = {
			isa = PBXVariantGroup;
			children = (
				804A2FE41B190682006A68B4 /* Base */,
			);
			name = Main.storyboard;
			sourceTree = "<group>";
		};
		804A2FE81B190682006A68B4 /* LaunchScreen.xib */ = {
			isa = PBXVariantGroup;
			children = (
				804A2FE91B190682006A68B4 /* Base */,
			);
			name = LaunchScreen.xib;
			sourceTree = "<group>";
		};
/* End PBXVariantGroup section */

/* Begin XCBuildConfiguration section */
		804A2FF71B190682006A68B4 /* Debug */ = {
			isa = XCBuildConfiguration;
			buildSettings = {
				ALWAYS_SEARCH_USER_PATHS = NO;
				CLANG_CXX_LANGUAGE_STANDARD = "gnu++0x";
				CLANG_CXX_LIBRARY = "libc++";
				CLANG_ENABLE_MODULES = YES;
				CLANG_ENABLE_OBJC_ARC = YES;
				CLANG_WARN_BOOL_CONVERSION = YES;
				CLANG_WARN_CONSTANT_CONVERSION = YES;
				CLANG_WARN_DIRECT_OBJC_ISA_USAGE = YES_ERROR;
				CLANG_WARN_EMPTY_BODY = YES;
				CLANG_WARN_ENUM_CONVERSION = YES;
				CLANG_WARN_INT_CONVERSION = YES;
				CLANG_WARN_OBJC_ROOT_CLASS = YES_ERROR;
				CLANG_WARN_UNREACHABLE_CODE = YES;
				CLANG_WARN__DUPLICATE_METHOD_MATCH = YES;
				"CODE_SIGN_IDENTITY[sdk=iphoneos*]" = "iPhone Developer";
				COPY_PHASE_STRIP = NO;
				DEBUG_INFORMATION_FORMAT = "dwarf-with-dsym";
				ENABLE_STRICT_OBJC_MSGSEND = YES;
				GCC_C_LANGUAGE_STANDARD = gnu99;
				GCC_DYNAMIC_NO_PIC = NO;
				GCC_NO_COMMON_BLOCKS = YES;
				GCC_OPTIMIZATION_LEVEL = 0;
				GCC_PREPROCESSOR_DEFINITIONS = (
					"DEBUG=1",
					"$(inherited)",
				);
				GCC_SYMBOLS_PRIVATE_EXTERN = NO;
				GCC_WARN_64_TO_32_BIT_CONVERSION = YES;
				GCC_WARN_ABOUT_RETURN_TYPE = YES_ERROR;
				GCC_WARN_UNDECLARED_SELECTOR = YES;
				GCC_WARN_UNINITIALIZED_AUTOS = YES_AGGRESSIVE;
				GCC_WARN_UNUSED_FUNCTION = YES;
				GCC_WARN_UNUSED_VARIABLE = YES;
				IPHONEOS_DEPLOYMENT_TARGET = 8.3;
				MTL_ENABLE_DEBUG_INFO = YES;
				ONLY_ACTIVE_ARCH = YES;
				SDKROOT = iphoneos;
				SWIFT_OPTIMIZATION_LEVEL = "-Onone";
				TARGETED_DEVICE_FAMILY = "1,2";
			};
			name = Debug;
		};
		804A2FF81B190682006A68B4 /* Release */ = {
			isa = XCBuildConfiguration;
			buildSettings = {
				ALWAYS_SEARCH_USER_PATHS = NO;
				CLANG_CXX_LANGUAGE_STANDARD = "gnu++0x";
				CLANG_CXX_LIBRARY = "libc++";
				CLANG_ENABLE_MODULES = YES;
				CLANG_ENABLE_OBJC_ARC = YES;
				CLANG_WARN_BOOL_CONVERSION = YES;
				CLANG_WARN_CONSTANT_CONVERSION = YES;
				CLANG_WARN_DIRECT_OBJC_ISA_USAGE = YES_ERROR;
				CLANG_WARN_EMPTY_BODY = YES;
				CLANG_WARN_ENUM_CONVERSION = YES;
				CLANG_WARN_INT_CONVERSION = YES;
				CLANG_WARN_OBJC_ROOT_CLASS = YES_ERROR;
				CLANG_WARN_UNREACHABLE_CODE = YES;
				CLANG_WARN__DUPLICATE_METHOD_MATCH = YES;
				"CODE_SIGN_IDENTITY[sdk=iphoneos*]" = "iPhone Developer";
				COPY_PHASE_STRIP = NO;
				DEBUG_INFORMATION_FORMAT = "dwarf-with-dsym";
				ENABLE_NS_ASSERTIONS = NO;
				ENABLE_STRICT_OBJC_MSGSEND = YES;
				GCC_C_LANGUAGE_STANDARD = gnu99;
				GCC_NO_COMMON_BLOCKS = YES;
				GCC_WARN_64_TO_32_BIT_CONVERSION = YES;
				GCC_WARN_ABOUT_RETURN_TYPE = YES_ERROR;
				GCC_WARN_UNDECLARED_SELECTOR = YES;
				GCC_WARN_UNINITIALIZED_AUTOS = YES_AGGRESSIVE;
				GCC_WARN_UNUSED_FUNCTION = YES;
				GCC_WARN_UNUSED_VARIABLE = YES;
				IPHONEOS_DEPLOYMENT_TARGET = 8.3;
				MTL_ENABLE_DEBUG_INFO = NO;
				SDKROOT = iphoneos;
				TARGETED_DEVICE_FAMILY = "1,2";
				VALIDATE_PRODUCT = YES;
			};
			name = Release;
		};
		804A2FFA1B190682006A68B4 /* Debug */ = {
			isa = XCBuildConfiguration;
			buildSettings = {
				ASSETCATALOG_COMPILER_APPICON_NAME = AppIcon;
				INFOPLIST_FILE = hws1_ImageViewer/Info.plist;
				LD_RUNPATH_SEARCH_PATHS = "$(inherited) @executable_path/Frameworks";
				PRODUCT_NAME = "$(TARGET_NAME)";
			};
			name = Debug;
		};
		804A2FFB1B190682006A68B4 /* Release */ = {
			isa = XCBuildConfiguration;
			buildSettings = {
				ASSETCATALOG_COMPILER_APPICON_NAME = AppIcon;
				INFOPLIST_FILE = hws1_ImageViewer/Info.plist;
				LD_RUNPATH_SEARCH_PATHS = "$(inherited) @executable_path/Frameworks";
				PRODUCT_NAME = "$(TARGET_NAME)";
			};
			name = Release;
		};
		804A2FFD1B190682006A68B4 /* Debug */ = {
			isa = XCBuildConfiguration;
			buildSettings = {
				BUNDLE_LOADER = "$(TEST_HOST)";
				FRAMEWORK_SEARCH_PATHS = (
					"$(SDKROOT)/Developer/Library/Frameworks",
					"$(inherited)",
				);
				GCC_PREPROCESSOR_DEFINITIONS = (
					"DEBUG=1",
					"$(inherited)",
				);
				INFOPLIST_FILE = hws1_ImageViewerTests/Info.plist;
				LD_RUNPATH_SEARCH_PATHS = "$(inherited) @executable_path/Frameworks @loader_path/Frameworks";
				PRODUCT_NAME = "$(TARGET_NAME)";
				TEST_HOST = "$(BUILT_PRODUCTS_DIR)/hws1_ImageViewer.app/hws1_ImageViewer";
			};
			name = Debug;
		};
		804A2FFE1B190682006A68B4 /* Release */ = {
			isa = XCBuildConfiguration;
			buildSettings = {
				BUNDLE_LOADER = "$(TEST_HOST)";
				FRAMEWORK_SEARCH_PATHS = (
					"$(SDKROOT)/Developer/Library/Frameworks",
					"$(inherited)",
				);
				INFOPLIST_FILE = hws1_ImageViewerTests/Info.plist;
				LD_RUNPATH_SEARCH_PATHS = "$(inherited) @executable_path/Frameworks @loader_path/Frameworks";
				PRODUCT_NAME = "$(TARGET_NAME)";
				TEST_HOST = "$(BUILT_PRODUCTS_DIR)/hws1_ImageViewer.app/hws1_ImageViewer";
			};
			name = Release;
		};
/* End XCBuildConfiguration section */

/* Begin XCConfigurationList section */
		804A2FD31B190682006A68B4 /* Build configuration list for PBXProject "hws1_ImageViewer" */ = {
			isa = XCConfigurationList;
			buildConfigurations = (
				804A2FF71B190682006A68B4 /* Debug */,
				804A2FF81B190682006A68B4 /* Release */,
			);
			defaultConfigurationIsVisible = 0;
			defaultConfigurationName = Release;
		};
		804A2FF91B190682006A68B4 /* Build configuration list for PBXNativeTarget "hws1_ImageViewer" */ = {
			isa = XCConfigurationList;
			buildConfigurations = (
				804A2FFA1B190682006A68B4 /* Debug */,
				804A2FFB1B190682006A68B4 /* Release */,
			);
			defaultConfigurationIsVisible = 0;
		};
		804A2FFC1B190682006A68B4 /* Build configuration list for PBXNativeTarget "hws1_ImageViewerTests" */ = {
			isa = XCConfigurationList;
			buildConfigurations = (
				804A2FFD1B190682006A68B4 /* Debug */,
				804A2FFE1B190682006A68B4 /* Release */,
			);
			defaultConfigurationIsVisible = 0;
		};
/* End XCConfigurationList section */
	};
	rootObject = 804A2FD01B190682006A68B4 /* Project object */;
}
